
Microsoft Visual Studio Solution File, Format Version 12.00
# Visual Studio Version 16
VisualStudioVersion = 16.0.30413.136
MinimumVisualStudioVersion = 10.0.40219.1
Project("{9A19103F-16F7-4668-BE54-9A1E7A4F7556}") = "PRS-Project", "PRS-Project\PRS-Project.csproj", "{33E9C6A2-580F-44C9-AFBF-9CF1A35782C8}"
EndProject
Project("{9A19103F-16F7-4668-BE54-9A1E7A4F7556}") = "PRS-Library", "..\PRS-Library\PRS-Library\PRS-Library.csproj", "{1616133E-057F-4012-8CDD-88844DC88707}"
EndProject
Global
	GlobalSection(SolutionConfigurationPlatforms) = preSolution
		Debug|Any CPU = Debug|Any CPU
		Release|Any CPU = Release|Any CPU
	EndGlobalSection
	GlobalSection(ProjectConfigurationPlatforms) = postSolution
		{33E9C6A2-580F-44C9-AFBF-9CF1A35782C8}.Debug|Any CPU.ActiveCfg = Debug|Any CPU
		{33E9C6A2-580F-44C9-AFBF-9CF1A35782C8}.Debug|Any CPU.Build.0 = Debug|Any CPU
		{33E9C6A2-580F-44C9-AFBF-9CF1A35782C8}.Release|Any CPU.ActiveCfg = Release|Any CPU
		{33E9C6A2-580F-44C9-AFBF-9CF1A35782C8}.Release|Any CPU.Build.0 = Release|Any CPU
		{1616133E-057F-4012-8CDD-88844DC88707}.Debug|Any CPU.ActiveCfg = Debug|Any CPU
		{1616133E-057F-4012-8CDD-88844DC88707}.Debug|Any CPU.Build.0 = Debug|Any CPU
		{1616133E-057F-4012-8CDD-88844DC88707}.Release|Any CPU.ActiveCfg = Release|Any CPU
		{1616133E-057F-4012-8CDD-88844DC88707}.Release|Any CPU.Build.0 = Release|Any CPU
	EndGlobalSection
	GlobalSection(SolutionProperties) = preSolution
		HideSolutionNode = FALSE
	EndGlobalSection
	GlobalSection(ExtensibilityGlobals) = postSolution
		SolutionGuid = {4988E266-0B9E-4DF4-BA78-F5FDFB8DEB13}
	EndGlobalSection
EndGlobal
